// !$*UTF8*$!
{
	archiveVersion = 1;
	classes = {
	};
	objectVersion = 55;
	objects = {

/* Begin PBXBuildFile section */
		EBF372FE27BF40EB00D62284 /* AppDelegate.swift in Sources */ = {isa = PBXBuildFile; fileRef = EBF372FD27BF40EB00D62284 /* AppDelegate.swift */; };
		EBF3730027BF40EB00D62284 /* SceneDelegate.swift in Sources */ = {isa = PBXBuildFile; fileRef = EBF372FF27BF40EB00D62284 /* SceneDelegate.swift */; };
		EBF3730527BF40EB00D62284 /* Main.storyboard in Resources */ = {isa = PBXBuildFile; fileRef = EBF3730327BF40EB00D62284 /* Main.storyboard */; };
		EBF3730727BF40F000D62284 /* Assets.xcassets in Resources */ = {isa = PBXBuildFile; fileRef = EBF3730627BF40F000D62284 /* Assets.xcassets */; };
		EBF3730A27BF40F000D62284 /* LaunchScreen.storyboard in Resources */ = {isa = PBXBuildFile; fileRef = EBF3730827BF40F000D62284 /* LaunchScreen.storyboard */; };
		EBF3731627BF429200D62284 /* MealList.swift in Sources */ = {isa = PBXBuildFile; fileRef = EBF3731527BF429200D62284 /* MealList.swift */; };
		EBF3731827BF437900D62284 /* Category.swift in Sources */ = {isa = PBXBuildFile; fileRef = EBF3731727BF437900D62284 /* Category.swift */; };
		EBF3731A27BF44F700D62284 /* Meal.swift in Sources */ = {isa = PBXBuildFile; fileRef = EBF3731927BF44F700D62284 /* Meal.swift */; };
		EBF3731C27BF4BC600D62284 /* APIServiceProvidable.swift in Sources */ = {isa = PBXBuildFile; fileRef = EBF3731B27BF4BC600D62284 /* APIServiceProvidable.swift */; };
		EBF3731E27BF4BDB00D62284 /* NetworkError.swift in Sources */ = {isa = PBXBuildFile; fileRef = EBF3731D27BF4BDB00D62284 /* NetworkError.swift */; };
		EBF3732427BF76EB00D62284 /* CatergoryTableViewController.swift in Sources */ = {isa = PBXBuildFile; fileRef = EBF3732327BF76EA00D62284 /* CatergoryTableViewController.swift */; };
		EBF3732627BF777F00D62284 /* CategoryDataProvider.swift in Sources */ = {isa = PBXBuildFile; fileRef = EBF3732527BF777F00D62284 /* CategoryDataProvider.swift */; };
		EBF3732827BF7FD700D62284 /* CategoryViewModel.swift in Sources */ = {isa = PBXBuildFile; fileRef = EBF3732727BF7FD700D62284 /* CategoryViewModel.swift */; };
		EBF3732A27C056B800D62284 /* CategoryTableViewCell.swift in Sources */ = {isa = PBXBuildFile; fileRef = EBF3732927C056B800D62284 /* CategoryTableViewCell.swift */; };
		EBF3732D27C074FA00D62284 /* AsyncImageView.swift in Sources */ = {isa = PBXBuildFile; fileRef = EBF3732C27C074FA00D62284 /* AsyncImageView.swift */; };
		EBF3732F27C0810900D62284 /* MealListTableViewController.swift in Sources */ = {isa = PBXBuildFile; fileRef = EBF3732E27C0810900D62284 /* MealListTableViewController.swift */; };
		EBF3733127C0814E00D62284 /* MealListViewModel.swift in Sources */ = {isa = PBXBuildFile; fileRef = EBF3733027C0814E00D62284 /* MealListViewModel.swift */; };
		EBF3733327C0A3F000D62284 /* MealListDataProvider.swift in Sources */ = {isa = PBXBuildFile; fileRef = EBF3733227C0A3F000D62284 /* MealListDataProvider.swift */; };
		EBF3733527C1B55200D62284 /* MealListTableViewCell.swift in Sources */ = {isa = PBXBuildFile; fileRef = EBF3733427C1B55200D62284 /* MealListTableViewCell.swift */; };
		EBF3733827C1B5C500D62284 /* MealListTableViewController.storyboard in Resources */ = {isa = PBXBuildFile; fileRef = EBF3733727C1B5C500D62284 /* MealListTableViewController.storyboard */; };
/* End PBXBuildFile section */

/* Begin PBXFileReference section */
		EBF372FA27BF40EB00D62284 /* TheMealDB.app */ = {isa = PBXFileReference; explicitFileType = wrapper.application; includeInIndex = 0; path = TheMealDB.app; sourceTree = BUILT_PRODUCTS_DIR; };
		EBF372FD27BF40EB00D62284 /* AppDelegate.swift */ = {isa = PBXFileReference; lastKnownFileType = sourcecode.swift; path = AppDelegate.swift; sourceTree = "<group>"; };
		EBF372FF27BF40EB00D62284 /* SceneDelegate.swift */ = {isa = PBXFileReference; lastKnownFileType = sourcecode.swift; path = SceneDelegate.swift; sourceTree = "<group>"; };
		EBF3730427BF40EB00D62284 /* Base */ = {isa = PBXFileReference; lastKnownFileType = file.storyboard; name = Base; path = Base.lproj/Main.storyboard; sourceTree = "<group>"; };
		EBF3730627BF40F000D62284 /* Assets.xcassets */ = {isa = PBXFileReference; lastKnownFileType = folder.assetcatalog; path = Assets.xcassets; sourceTree = "<group>"; };
		EBF3730927BF40F000D62284 /* Base */ = {isa = PBXFileReference; lastKnownFileType = file.storyboard; name = Base; path = Base.lproj/LaunchScreen.storyboard; sourceTree = "<group>"; };
		EBF3730B27BF40F000D62284 /* Info.plist */ = {isa = PBXFileReference; lastKnownFileType = text.plist.xml; path = Info.plist; sourceTree = "<group>"; };
		EBF3731527BF429200D62284 /* MealList.swift */ = {isa = PBXFileReference; lastKnownFileType = sourcecode.swift; path = MealList.swift; sourceTree = "<group>"; };
		EBF3731727BF437900D62284 /* Category.swift */ = {isa = PBXFileReference; lastKnownFileType = sourcecode.swift; path = Category.swift; sourceTree = "<group>"; };
		EBF3731927BF44F700D62284 /* Meal.swift */ = {isa = PBXFileReference; lastKnownFileType = sourcecode.swift; path = Meal.swift; sourceTree = "<group>"; };
		EBF3731B27BF4BC600D62284 /* APIServiceProvidable.swift */ = {isa = PBXFileReference; lastKnownFileType = sourcecode.swift; path = APIServiceProvidable.swift; sourceTree = "<group>"; };
		EBF3731D27BF4BDB00D62284 /* NetworkError.swift */ = {isa = PBXFileReference; lastKnownFileType = sourcecode.swift; path = NetworkError.swift; sourceTree = "<group>"; };
		EBF3732327BF76EA00D62284 /* CatergoryTableViewController.swift */ = {isa = PBXFileReference; lastKnownFileType = sourcecode.swift; name = CatergoryTableViewController.swift; path = "TheMealDB/Network Services/CatergoryTableViewController.swift"; sourceTree = SOURCE_ROOT; };
		EBF3732527BF777F00D62284 /* CategoryDataProvider.swift */ = {isa = PBXFileReference; lastKnownFileType = sourcecode.swift; name = CategoryDataProvider.swift; path = "TheMealDB/Network Services/CategoryDataProvider.swift"; sourceTree = SOURCE_ROOT; };
		EBF3732727BF7FD700D62284 /* CategoryViewModel.swift */ = {isa = PBXFileReference; lastKnownFileType = sourcecode.swift; name = CategoryViewModel.swift; path = "../../../../../../../../../Downloads/Pokedex_MVVM-starter/Pokedex_MVVM/Pokedex_MVVM/Controllers/View Controllers/List/CategoryViewModel.swift"; sourceTree = "<group>"; };
		EBF3732927C056B800D62284 /* CategoryTableViewCell.swift */ = {isa = PBXFileReference; lastKnownFileType = sourcecode.swift; path = CategoryTableViewCell.swift; sourceTree = "<group>"; };
		EBF3732C27C074FA00D62284 /* AsyncImageView.swift */ = {isa = PBXFileReference; lastKnownFileType = sourcecode.swift; path = AsyncImageView.swift; sourceTree = "<group>"; };
		EBF3732E27C0810900D62284 /* MealListTableViewController.swift */ = {isa = PBXFileReference; lastKnownFileType = sourcecode.swift; path = MealListTableViewController.swift; sourceTree = "<group>"; };
		EBF3733027C0814E00D62284 /* MealListViewModel.swift */ = {isa = PBXFileReference; lastKnownFileType = sourcecode.swift; path = MealListViewModel.swift; sourceTree = "<group>"; };
		EBF3733227C0A3F000D62284 /* MealListDataProvider.swift */ = {isa = PBXFileReference; lastKnownFileType = sourcecode.swift; path = MealListDataProvider.swift; sourceTree = "<group>"; };
		EBF3733427C1B55200D62284 /* MealListTableViewCell.swift */ = {isa = PBXFileReference; lastKnownFileType = sourcecode.swift; path = MealListTableViewCell.swift; sourceTree = "<group>"; };
		EBF3733727C1B5C500D62284 /* MealListTableViewController.storyboard */ = {isa = PBXFileReference; lastKnownFileType = file.storyboard; path = MealListTableViewController.storyboard; sourceTree = "<group>"; };
/* End PBXFileReference section */

/* Begin PBXFrameworksBuildPhase section */
		EBF372F727BF40EB00D62284 /* Frameworks */ = {
			isa = PBXFrameworksBuildPhase;
			buildActionMask = 2147483647;
			files = (
			);
			runOnlyForDeploymentPostprocessing = 0;
		};
/* End PBXFrameworksBuildPhase section */

/* Begin PBXGroup section */
		EBF372F127BF40EB00D62284 = {
			isa = PBXGroup;
			children = (
				EBF372FC27BF40EB00D62284 /* TheMealDB */,
				EBF372FB27BF40EB00D62284 /* Products */,
			);
			sourceTree = "<group>";
		};
		EBF372FB27BF40EB00D62284 /* Products */ = {
			isa = PBXGroup;
			children = (
				EBF372FA27BF40EB00D62284 /* TheMealDB.app */,
			);
			name = Products;
			sourceTree = "<group>";
		};
		EBF372FC27BF40EB00D62284 /* TheMealDB */ = {
			isa = PBXGroup;
			children = (
				EBF3731427BF418700D62284 /* Model */,
				EBF3731227BF418400D62284 /* Network Services */,
				EBF3731327BF418600D62284 /* View */,
				EBF3731F27BF761200D62284 /* Meal List */,
				EBF3732227BF76B000D62284 /* Meal Detail */,
				EBF3732B27C0747F00D62284 /* Views */,
				EBF3731127BF416800D62284 /* Supporting Files */,
				EBF3730327BF40EB00D62284 /* Main.storyboard */,
				EBF3730827BF40F000D62284 /* LaunchScreen.storyboard */,
			);
			path = TheMealDB;
			sourceTree = "<group>";
		};
		EBF3731127BF416800D62284 /* Supporting Files */ = {
			isa = PBXGroup;
			children = (
				EBF372FD27BF40EB00D62284 /* AppDelegate.swift */,
				EBF372FF27BF40EB00D62284 /* SceneDelegate.swift */,
				EBF3730627BF40F000D62284 /* Assets.xcassets */,
				EBF3730B27BF40F000D62284 /* Info.plist */,
			);
			path = "Supporting Files";
			sourceTree = "<group>";
		};
		EBF3731227BF418400D62284 /* Network Services */ = {
			isa = PBXGroup;
			children = (
				EBF3731B27BF4BC600D62284 /* APIServiceProvidable.swift */,
				EBF3731D27BF4BDB00D62284 /* NetworkError.swift */,
			);
			path = "Network Services";
			sourceTree = "<group>";
		};
		EBF3731327BF418600D62284 /* View */ = {
			isa = PBXGroup;
			children = (
				EBF3732127BF761400D62284 /* Category */,
			);
			path = View;
			sourceTree = "<group>";
		};
		EBF3731427BF418700D62284 /* Model */ = {
			isa = PBXGroup;
			children = (
				EBF3731727BF437900D62284 /* Category.swift */,
				EBF3731527BF429200D62284 /* MealList.swift */,
				EBF3731927BF44F700D62284 /* Meal.swift */,
			);
			path = Model;
			sourceTree = "<group>";
		};
		EBF3731F27BF761200D62284 /* Meal List */ = {
			isa = PBXGroup;
			children = (
				EBF3732E27C0810900D62284 /* MealListTableViewController.swift */,
				EBF3733027C0814E00D62284 /* MealListViewModel.swift */,
				EBF3733227C0A3F000D62284 /* MealListDataProvider.swift */,
				EBF3733727C1B5C500D62284 /* MealListTableViewController.storyboard */,
			);
			path = "Meal List";
			sourceTree = "<group>";
		};
		EBF3732127BF761400D62284 /* Category */ = {
			isa = PBXGroup;
			children = (
				EBF3732327BF76EA00D62284 /* CatergoryTableViewController.swift */,
				EBF3732727BF7FD700D62284 /* CategoryViewModel.swift */,
				EBF3732527BF777F00D62284 /* CategoryDataProvider.swift */,
			);
			name = Category;
			path = "New Group/New Group/Category";
			sourceTree = "<group>";
		};
		EBF3732227BF76B000D62284 /* Meal Detail */ = {
			isa = PBXGroup;
			children = (
			);
			path = "Meal Detail";
			sourceTree = "<group>";
		};
		EBF3732B27C0747F00D62284 /* Views */ = {
			isa = PBXGroup;
			children = (
				EBF3732927C056B800D62284 /* CategoryTableViewCell.swift */,
				EBF3733427C1B55200D62284 /* MealListTableViewCell.swift */,
				EBF3732C27C074FA00D62284 /* AsyncImageView.swift */,
			);
			path = Views;
			sourceTree = "<group>";
		};
/* End PBXGroup section */

/* Begin PBXNativeTarget section */
		EBF372F927BF40EB00D62284 /* TheMealDB */ = {
			isa = PBXNativeTarget;
			buildConfigurationList = EBF3730E27BF40F000D62284 /* Build configuration list for PBXNativeTarget "TheMealDB" */;
			buildPhases = (
				EBF372F627BF40EB00D62284 /* Sources */,
				EBF372F727BF40EB00D62284 /* Frameworks */,
				EBF372F827BF40EB00D62284 /* Resources */,
			);
			buildRules = (
			);
			dependencies = (
			);
			name = TheMealDB;
			productName = TheMealDB;
			productReference = EBF372FA27BF40EB00D62284 /* TheMealDB.app */;
			productType = "com.apple.product-type.application";
		};
/* End PBXNativeTarget section */

/* Begin PBXProject section */
		EBF372F227BF40EB00D62284 /* Project object */ = {
			isa = PBXProject;
			attributes = {
				BuildIndependentTargetsInParallel = 1;
				LastSwiftUpdateCheck = 1320;
				LastUpgradeCheck = 1320;
				TargetAttributes = {
					EBF372F927BF40EB00D62284 = {
						CreatedOnToolsVersion = 13.2.1;
					};
				};
			};
			buildConfigurationList = EBF372F527BF40EB00D62284 /* Build configuration list for PBXProject "TheMealDB" */;
			compatibilityVersion = "Xcode 13.0";
			developmentRegion = en;
			hasScannedForEncodings = 0;
			knownRegions = (
				en,
				Base,
			);
			mainGroup = EBF372F127BF40EB00D62284;
			productRefGroup = EBF372FB27BF40EB00D62284 /* Products */;
			projectDirPath = "";
			projectRoot = "";
			targets = (
				EBF372F927BF40EB00D62284 /* TheMealDB */,
			);
		};
/* End PBXProject section */

/* Begin PBXResourcesBuildPhase section */
		EBF372F827BF40EB00D62284 /* Resources */ = {
			isa = PBXResourcesBuildPhase;
			buildActionMask = 2147483647;
			files = (
				EBF3730A27BF40F000D62284 /* LaunchScreen.storyboard in Resources */,
				EBF3733827C1B5C500D62284 /* MealListTableViewController.storyboard in Resources */,
				EBF3730727BF40F000D62284 /* Assets.xcassets in Resources */,
				EBF3730527BF40EB00D62284 /* Main.storyboard in Resources */,
			);
			runOnlyForDeploymentPostprocessing = 0;
		};
/* End PBXResourcesBuildPhase section */

/* Begin PBXSourcesBuildPhase section */
		EBF372F627BF40EB00D62284 /* Sources */ = {
			isa = PBXSourcesBuildPhase;
			buildActionMask = 2147483647;
			files = (
				EBF3732D27C074FA00D62284 /* AsyncImageView.swift in Sources */,
				EBF3731A27BF44F700D62284 /* Meal.swift in Sources */,
				EBF3731E27BF4BDB00D62284 /* NetworkError.swift in Sources */,
				EBF3732827BF7FD700D62284 /* CategoryViewModel.swift in Sources */,
				EBF3733527C1B55200D62284 /* MealListTableViewCell.swift in Sources */,
				EBF372FE27BF40EB00D62284 /* AppDelegate.swift in Sources */,
				EBF3731627BF429200D62284 /* MealList.swift in Sources */,
				EBF3732F27C0810900D62284 /* MealListTableViewController.swift in Sources */,
				EBF3732427BF76EB00D62284 /* CatergoryTableViewController.swift in Sources */,
				EBF3732A27C056B800D62284 /* CategoryTableViewCell.swift in Sources */,
				EBF3733127C0814E00D62284 /* MealListViewModel.swift in Sources */,
				EBF3730027BF40EB00D62284 /* SceneDelegate.swift in Sources */,
				EBF3731C27BF4BC600D62284 /* APIServiceProvidable.swift in Sources */,
				EBF3733327C0A3F000D62284 /* MealListDataProvider.swift in Sources */,
				EBF3731827BF437900D62284 /* Category.swift in Sources */,
				EBF3732627BF777F00D62284 /* CategoryDataProvider.swift in Sources */,
			);
			runOnlyForDeploymentPostprocessing = 0;
		};
/* End PBXSourcesBuildPhase section */

/* Begin PBXVariantGroup section */
		EBF3730327BF40EB00D62284 /* Main.storyboard */ = {
			isa = PBXVariantGroup;
			children = (
				EBF3730427BF40EB00D62284 /* Base */,
			);
			name = Main.storyboard;
			sourceTree = "<group>";
		};
		EBF3730827BF40F000D62284 /* LaunchScreen.storyboard */ = {
			isa = PBXVariantGroup;
			children = (
				EBF3730927BF40F000D62284 /* Base */,
			);
			name = LaunchScreen.storyboard;
			sourceTree = "<group>";
		};
/* End PBXVariantGroup section */

/* Begin XCBuildConfiguration section */
		EBF3730C27BF40F000D62284 /* Debug */ = {
			isa = XCBuildConfiguration;
			buildSettings = {
				ALWAYS_SEARCH_USER_PATHS = NO;
				CLANG_ANALYZER_NONNULL = YES;
				CLANG_ANALYZER_NUMBER_OBJECT_CONVERSION = YES_AGGRESSIVE;
				CLANG_CXX_LANGUAGE_STANDARD = "gnu++17";
				CLANG_CXX_LIBRARY = "libc++";
				CLANG_ENABLE_MODULES = YES;
				CLANG_ENABLE_OBJC_ARC = YES;
				CLANG_ENABLE_OBJC_WEAK = YES;
				CLANG_WARN_BLOCK_CAPTURE_AUTORELEASING = YES;
				CLANG_WARN_BOOL_CONVERSION = YES;
				CLANG_WARN_COMMA = YES;
				CLANG_WARN_CONSTANT_CONVERSION = YES;
				CLANG_WARN_DEPRECATED_OBJC_IMPLEMENTATIONS = YES;
				CLANG_WARN_DIRECT_OBJC_ISA_USAGE = YES_ERROR;
				CLANG_WARN_DOCUMENTATION_COMMENTS = YES;
				CLANG_WARN_EMPTY_BODY = YES;
				CLANG_WARN_ENUM_CONVERSION = YES;
				CLANG_WARN_INFINITE_RECURSION = YES;
				CLANG_WARN_INT_CONVERSION = YES;
				CLANG_WARN_NON_LITERAL_NULL_CONVERSION = YES;
				CLANG_WARN_OBJC_IMPLICIT_RETAIN_SELF = YES;
				CLANG_WARN_OBJC_LITERAL_CONVERSION = YES;
				CLANG_WARN_OBJC_ROOT_CLASS = YES_ERROR;
				CLANG_WARN_QUOTED_INCLUDE_IN_FRAMEWORK_HEADER = YES;
				CLANG_WARN_RANGE_LOOP_ANALYSIS = YES;
				CLANG_WARN_STRICT_PROTOTYPES = YES;
				CLANG_WARN_SUSPICIOUS_MOVE = YES;
				CLANG_WARN_UNGUARDED_AVAILABILITY = YES_AGGRESSIVE;
				CLANG_WARN_UNREACHABLE_CODE = YES;
				CLANG_WARN__DUPLICATE_METHOD_MATCH = YES;
				COPY_PHASE_STRIP = NO;
				DEBUG_INFORMATION_FORMAT = dwarf;
				ENABLE_STRICT_OBJC_MSGSEND = YES;
				ENABLE_TESTABILITY = YES;
				GCC_C_LANGUAGE_STANDARD = gnu11;
				GCC_DYNAMIC_NO_PIC = NO;
				GCC_NO_COMMON_BLOCKS = YES;
				GCC_OPTIMIZATION_LEVEL = 0;
				GCC_PREPROCESSOR_DEFINITIONS = (
					"DEBUG=1",
					"$(inherited)",
				);
				GCC_WARN_64_TO_32_BIT_CONVERSION = YES;
				GCC_WARN_ABOUT_RETURN_TYPE = YES_ERROR;
				GCC_WARN_UNDECLARED_SELECTOR = YES;
				GCC_WARN_UNINITIALIZED_AUTOS = YES_AGGRESSIVE;
				GCC_WARN_UNUSED_FUNCTION = YES;
				GCC_WARN_UNUSED_VARIABLE = YES;
				IPHONEOS_DEPLOYMENT_TARGET = 15.2;
				MTL_ENABLE_DEBUG_INFO = INCLUDE_SOURCE;
				MTL_FAST_MATH = YES;
				ONLY_ACTIVE_ARCH = YES;
				SDKROOT = iphoneos;
				SWIFT_ACTIVE_COMPILATION_CONDITIONS = DEBUG;
				SWIFT_OPTIMIZATION_LEVEL = "-Onone";
			};
			name = Debug;
		};
		EBF3730D27BF40F000D62284 /* Release */ = {
			isa = XCBuildConfiguration;
			buildSettings = {
				ALWAYS_SEARCH_USER_PATHS = NO;
				CLANG_ANALYZER_NONNULL = YES;
				CLANG_ANALYZER_NUMBER_OBJECT_CONVERSION = YES_AGGRESSIVE;
				CLANG_CXX_LANGUAGE_STANDARD = "gnu++17";
				CLANG_CXX_LIBRARY = "libc++";
				CLANG_ENABLE_MODULES = YES;
				CLANG_ENABLE_OBJC_ARC = YES;
				CLANG_ENABLE_OBJC_WEAK = YES;
				CLANG_WARN_BLOCK_CAPTURE_AUTORELEASING = YES;
				CLANG_WARN_BOOL_CONVERSION = YES;
				CLANG_WARN_COMMA = YES;
				CLANG_WARN_CONSTANT_CONVERSION = YES;
				CLANG_WARN_DEPRECATED_OBJC_IMPLEMENTATIONS = YES;
				CLANG_WARN_DIRECT_OBJC_ISA_USAGE = YES_ERROR;
				CLANG_WARN_DOCUMENTATION_COMMENTS = YES;
				CLANG_WARN_EMPTY_BODY = YES;
				CLANG_WARN_ENUM_CONVERSION = YES;
				CLANG_WARN_INFINITE_RECURSION = YES;
				CLANG_WARN_INT_CONVERSION = YES;
				CLANG_WARN_NON_LITERAL_NULL_CONVERSION = YES;
				CLANG_WARN_OBJC_IMPLICIT_RETAIN_SELF = YES;
				CLANG_WARN_OBJC_LITERAL_CONVERSION = YES;
				CLANG_WARN_OBJC_ROOT_CLASS = YES_ERROR;
				CLANG_WARN_QUOTED_INCLUDE_IN_FRAMEWORK_HEADER = YES;
				CLANG_WARN_RANGE_LOOP_ANALYSIS = YES;
				CLANG_WARN_STRICT_PROTOTYPES = YES;
				CLANG_WARN_SUSPICIOUS_MOVE = YES;
				CLANG_WARN_UNGUARDED_AVAILABILITY = YES_AGGRESSIVE;
				CLANG_WARN_UNREACHABLE_CODE = YES;
				CLANG_WARN__DUPLICATE_METHOD_MATCH = YES;
				COPY_PHASE_STRIP = NO;
				DEBUG_INFORMATION_FORMAT = "dwarf-with-dsym";
				ENABLE_NS_ASSERTIONS = NO;
				ENABLE_STRICT_OBJC_MSGSEND = YES;
				GCC_C_LANGUAGE_STANDARD = gnu11;
				GCC_NO_COMMON_BLOCKS = YES;
				GCC_WARN_64_TO_32_BIT_CONVERSION = YES;
				GCC_WARN_ABOUT_RETURN_TYPE = YES_ERROR;
				GCC_WARN_UNDECLARED_SELECTOR = YES;
				GCC_WARN_UNINITIALIZED_AUTOS = YES_AGGRESSIVE;
				GCC_WARN_UNUSED_FUNCTION = YES;
				GCC_WARN_UNUSED_VARIABLE = YES;
				IPHONEOS_DEPLOYMENT_TARGET = 15.2;
				MTL_ENABLE_DEBUG_INFO = NO;
				MTL_FAST_MATH = YES;
				SDKROOT = iphoneos;
				SWIFT_COMPILATION_MODE = wholemodule;
				SWIFT_OPTIMIZATION_LEVEL = "-O";
				VALIDATE_PRODUCT = YES;
			};
			name = Release;
		};
		EBF3730F27BF40F000D62284 /* Debug */ = {
			isa = XCBuildConfiguration;
			buildSettings = {
				ASSETCATALOG_COMPILER_APPICON_NAME = AppIcon;
				ASSETCATALOG_COMPILER_GLOBAL_ACCENT_COLOR_NAME = AccentColor;
				CODE_SIGN_STYLE = Automatic;
				CURRENT_PROJECT_VERSION = 1;
				DEVELOPMENT_TEAM = 7C8HG37K7Q;
				GENERATE_INFOPLIST_FILE = YES;
				INFOPLIST_FILE = "TheMealDB/Supporting Files/Info.plist";
				INFOPLIST_KEY_UIApplicationSupportsIndirectInputEvents = YES;
				INFOPLIST_KEY_UILaunchStoryboardName = LaunchScreen;
				INFOPLIST_KEY_UIMainStoryboardFile = Main;
				INFOPLIST_KEY_UISupportedInterfaceOrientations_iPad = "UIInterfaceOrientationPortrait UIInterfaceOrientationPortraitUpsideDown UIInterfaceOrientationLandscapeLeft UIInterfaceOrientationLandscapeRight";
				INFOPLIST_KEY_UISupportedInterfaceOrientations_iPhone = "UIInterfaceOrientationPortrait UIInterfaceOrientationLandscapeLeft UIInterfaceOrientationLandscapeRight";
				LD_RUNPATH_SEARCH_PATHS = (
					"$(inherited)",
					"@executable_path/Frameworks",
				);
				MARKETING_VERSION = 1.0;
				PRODUCT_BUNDLE_IDENTIFIER = Haz.TheMealDB;
				PRODUCT_NAME = "$(TARGET_NAME)";
				SWIFT_EMIT_LOC_STRINGS = YES;
				SWIFT_VERSION = 5.0;
				TARGETED_DEVICE_FAMILY = "1,2";
			};
			name = Debug;
		};
		EBF3731027BF40F000D62284 /* Release */ = {
			isa = XCBuildConfiguration;
			buildSettings = {
				ASSETCATALOG_COMPILER_APPICON_NAME = AppIcon;
				ASSETCATALOG_COMPILER_GLOBAL_ACCENT_COLOR_NAME = AccentColor;
				CODE_SIGN_STYLE = Automatic;
				CURRENT_PROJECT_VERSION = 1;
				DEVELOPMENT_TEAM = 7C8HG37K7Q;
				GENERATE_INFOPLIST_FILE = YES;
				INFOPLIST_FILE = "TheMealDB/Supporting Files/Info.plist";
				INFOPLIST_KEY_UIApplicationSupportsIndirectInputEvents = YES;
				INFOPLIST_KEY_UILaunchStoryboardName = LaunchScreen;
				INFOPLIST_KEY_UIMainStoryboardFile = Main;
				INFOPLIST_KEY_UISupportedInterfaceOrientations_iPad = "UIInterfaceOrientationPortrait UIInterfaceOrientationPortraitUpsideDown UIInterfaceOrientationLandscapeLeft UIInterfaceOrientationLandscapeRight";
				INFOPLIST_KEY_UISupportedInterfaceOrientations_iPhone = "UIInterfaceOrientationPortrait UIInterfaceOrientationLandscapeLeft UIInterfaceOrientationLandscapeRight";
				LD_RUNPATH_SEARCH_PATHS = (
					"$(inherited)",
					"@executable_path/Frameworks",
				);
				MARKETING_VERSION = 1.0;
				PRODUCT_BUNDLE_IDENTIFIER = Haz.TheMealDB;
				PRODUCT_NAME = "$(TARGET_NAME)";
				SWIFT_EMIT_LOC_STRINGS = YES;
				SWIFT_VERSION = 5.0;
				TARGETED_DEVICE_FAMILY = "1,2";
			};
			name = Release;
		};
/* End XCBuildConfiguration section */

/* Begin XCConfigurationList section */
		EBF372F527BF40EB00D62284 /* Build configuration list for PBXProject "TheMealDB" */ = {
			isa = XCConfigurationList;
			buildConfigurations = (
				EBF3730C27BF40F000D62284 /* Debug */,
				EBF3730D27BF40F000D62284 /* Release */,
			);
			defaultConfigurationIsVisible = 0;
			defaultConfigurationName = Release;
		};
		EBF3730E27BF40F000D62284 /* Build configuration list for PBXNativeTarget "TheMealDB" */ = {
			isa = XCConfigurationList;
			buildConfigurations = (
				EBF3730F27BF40F000D62284 /* Debug */,
				EBF3731027BF40F000D62284 /* Release */,
			);
			defaultConfigurationIsVisible = 0;
			defaultConfigurationName = Release;
		};
/* End XCConfigurationList section */
	};
	rootObject = EBF372F227BF40EB00D62284 /* Project object */;
}
